// !$*UTF8*$!
{
	archiveVersion = 1;
	classes = {
	};
	objectVersion = 55;
	objects = {

/* Begin PBXBuildFile section */
		D30C198D27AAFF870002C07D /* IncomeExpenseContracts.swift in Sources */ = {isa = PBXBuildFile; fileRef = D30C198C27AAFF870002C07D /* IncomeExpenseContracts.swift */; };
		D30C199127AB027E0002C07D /* IncomeExpensePresentation.swift in Sources */ = {isa = PBXBuildFile; fileRef = D30C199027AB027E0002C07D /* IncomeExpensePresentation.swift */; };
		D30C199327AB03A40002C07D /* Constants.swift in Sources */ = {isa = PBXBuildFile; fileRef = D30C199227AB03A40002C07D /* Constants.swift */; };
		D30C199627AB06C50002C07D /* IncomeExpenseModel.swift in Sources */ = {isa = PBXBuildFile; fileRef = D30C199527AB06C50002C07D /* IncomeExpenseModel.swift */; };
		D30C199827AB09DB0002C07D /* IncomeExpenseViewModel.swift in Sources */ = {isa = PBXBuildFile; fileRef = D30C199727AB09DB0002C07D /* IncomeExpenseViewModel.swift */; };
		D30C199B27AB10C20002C07D /* Date+Extension.swift in Sources */ = {isa = PBXBuildFile; fileRef = D30C199A27AB10C20002C07D /* Date+Extension.swift */; };
		D31843CC2919A1C6000396CB /* MontlySummaryPresentation.swift in Sources */ = {isa = PBXBuildFile; fileRef = D31843CB2919A1C6000396CB /* MontlySummaryPresentation.swift */; };
		D31A4A932806136500070A25 /* IncomeExpenseCell.swift in Sources */ = {isa = PBXBuildFile; fileRef = D31A4A922806136500070A25 /* IncomeExpenseCell.swift */; };
		D3271F8B28A8142F0010B75C /* Double+Extension.swift in Sources */ = {isa = PBXBuildFile; fileRef = D3271F8A28A8142F0010B75C /* Double+Extension.swift */; };
		D3271F8D28A84A0A0010B75C /* UITextField+Extension.swift in Sources */ = {isa = PBXBuildFile; fileRef = D3271F8C28A84A0A0010B75C /* UITextField+Extension.swift */; };
		D3272D6C292D699900620DC6 /* YearlySummaryBuilder.swift in Sources */ = {isa = PBXBuildFile; fileRef = D3272D6B292D699900620DC6 /* YearlySummaryBuilder.swift */; };
		D3272D6E292D69A500620DC6 /* YearlySummaryContracts.swift in Sources */ = {isa = PBXBuildFile; fileRef = D3272D6D292D69A500620DC6 /* YearlySummaryContracts.swift */; };
		D3272D70292D69B300620DC6 /* YearlySummaryViewModel.swift in Sources */ = {isa = PBXBuildFile; fileRef = D3272D6F292D69B300620DC6 /* YearlySummaryViewModel.swift */; };
		D3272D72292D6A4400620DC6 /* YearlySummaryVC.swift in Sources */ = {isa = PBXBuildFile; fileRef = D3272D71292D6A4400620DC6 /* YearlySummaryVC.swift */; };
		D3292F522917FDF800FFA99C /* UISwipeActionsConfiguration+Extension.swift in Sources */ = {isa = PBXBuildFile; fileRef = D3292F512917FDF800FFA99C /* UISwipeActionsConfiguration+Extension.swift */; };
		D3292F5529183A0900FFA99C /* MontlySummaryBuilder.swift in Sources */ = {isa = PBXBuildFile; fileRef = D3292F5429183A0900FFA99C /* MontlySummaryBuilder.swift */; };
		D3292F5729183A1D00FFA99C /* MontlySummaryVC.swift in Sources */ = {isa = PBXBuildFile; fileRef = D3292F5629183A1D00FFA99C /* MontlySummaryVC.swift */; };
		D3292F5929183A2B00FFA99C /* MontlySummaryContracts.swift in Sources */ = {isa = PBXBuildFile; fileRef = D3292F5829183A2B00FFA99C /* MontlySummaryContracts.swift */; };
		D3292F5B29183A3E00FFA99C /* MontlySummaryViewModel.swift in Sources */ = {isa = PBXBuildFile; fileRef = D3292F5A29183A3E00FFA99C /* MontlySummaryViewModel.swift */; };
		D3292F5E2918439600FFA99C /* MontlySummaryCell.swift in Sources */ = {isa = PBXBuildFile; fileRef = D3292F5D2918439600FFA99C /* MontlySummaryCell.swift */; };
		D341932029086BD300B69B1E /* Poppins-Bold.ttf in Resources */ = {isa = PBXBuildFile; fileRef = D341931F29086BD300B69B1E /* Poppins-Bold.ttf */; };
		D341932229086BDB00B69B1E /* Poppins-SemiBold.ttf in Resources */ = {isa = PBXBuildFile; fileRef = D341932129086BDB00B69B1E /* Poppins-SemiBold.ttf */; };
		D341932429086BE500B69B1E /* Poppins-Light.ttf in Resources */ = {isa = PBXBuildFile; fileRef = D341932329086BE500B69B1E /* Poppins-Light.ttf */; };
		D341932629086D9900B69B1E /* Poppins-Italic.ttf in Resources */ = {isa = PBXBuildFile; fileRef = D341932529086D9900B69B1E /* Poppins-Italic.ttf */; };
		D341932A290871E800B69B1E /* Poppins-Medium.ttf in Resources */ = {isa = PBXBuildFile; fileRef = D3419329290871E800B69B1E /* Poppins-Medium.ttf */; };
		D341932C2908775300B69B1E /* UIFont+Extension.swift in Sources */ = {isa = PBXBuildFile; fileRef = D341932B2908775300B69B1E /* UIFont+Extension.swift */; };
		D341932E290878CD00B69B1E /* Poppins-Regular.ttf in Resources */ = {isa = PBXBuildFile; fileRef = D341932D290878CD00B69B1E /* Poppins-Regular.ttf */; };
		D34817122933E705009DBD04 /* YearlySummaryCell.swift in Sources */ = {isa = PBXBuildFile; fileRef = D34817112933E705009DBD04 /* YearlySummaryCell.swift */; };
		D34817142933E97C009DBD04 /* YearlySummaryPresentation.swift in Sources */ = {isa = PBXBuildFile; fileRef = D34817132933E97C009DBD04 /* YearlySummaryPresentation.swift */; };
		D3537F8A291FA52500A3AEF1 /* Action.swift in Sources */ = {isa = PBXBuildFile; fileRef = D3537F89291FA52500A3AEF1 /* Action.swift */; };
		D3537F8C291FA55600A3AEF1 /* ActionButton.swift in Sources */ = {isa = PBXBuildFile; fileRef = D3537F8B291FA55600A3AEF1 /* ActionButton.swift */; };
		D3537F8E291FA58800A3AEF1 /* CustomAlertViewController.swift in Sources */ = {isa = PBXBuildFile; fileRef = D3537F8D291FA58800A3AEF1 /* CustomAlertViewController.swift */; };
		D354D320292ABD01009B07DA /* SettingsModel.swift in Sources */ = {isa = PBXBuildFile; fileRef = D354D31F292ABD01009B07DA /* SettingsModel.swift */; };
		D35A1962290C343E00BA7F90 /* CustomModalVC.swift in Sources */ = {isa = PBXBuildFile; fileRef = D35A1961290C343E00BA7F90 /* CustomModalVC.swift */; };
		D35A1964290C346B00BA7F90 /* CustomModalVCContracts.swift in Sources */ = {isa = PBXBuildFile; fileRef = D35A1963290C346B00BA7F90 /* CustomModalVCContracts.swift */; };
		D35A1966290C403400BA7F90 /* CustomModalTableViewCell.swift in Sources */ = {isa = PBXBuildFile; fileRef = D35A1965290C403400BA7F90 /* CustomModalTableViewCell.swift */; };
		D35A1968290C548E00BA7F90 /* UIColor+Extension.swift in Sources */ = {isa = PBXBuildFile; fileRef = D35A1967290C548E00BA7F90 /* UIColor+Extension.swift */; };
		D36B6FBD29217DAF00C5A413 /* PieView.swift in Sources */ = {isa = PBXBuildFile; fileRef = D36B6FBC29217DAF00C5A413 /* PieView.swift */; };
		D36B6FBF29218C2F00C5A413 /* CGFloat+Extension.swift in Sources */ = {isa = PBXBuildFile; fileRef = D36B6FBE29218C2F00C5A413 /* CGFloat+Extension.swift */; };
		D36FEB18291D9A7A00E2A1D6 /* MontlySummaryModel.swift in Sources */ = {isa = PBXBuildFile; fileRef = D36FEB17291D9A7A00E2A1D6 /* MontlySummaryModel.swift */; };
		D3729B14280B096E00B8B73C /* String+Extension.swift in Sources */ = {isa = PBXBuildFile; fileRef = D3729B13280B096E00B8B73C /* String+Extension.swift */; };
		D37838FE283AD80A004307D1 /* CustomTextField.swift in Sources */ = {isa = PBXBuildFile; fileRef = D37838FD283AD80A004307D1 /* CustomTextField.swift */; };
		D37C6AC627F8A395009A37DF /* RoundedButton.swift in Sources */ = {isa = PBXBuildFile; fileRef = D37C6AC527F8A395009A37DF /* RoundedButton.swift */; };
		D380699827DCBFB1001EA6E2 /* Realm.framework in Frameworks */ = {isa = PBXBuildFile; fileRef = D380699627DCBFB0001EA6E2 /* Realm.framework */; };
		D380699927DCBFB1001EA6E2 /* RealmSwift.framework in Frameworks */ = {isa = PBXBuildFile; fileRef = D380699727DCBFB0001EA6E2 /* RealmSwift.framework */; };
		D380699E27DE1C91001EA6E2 /* StoreManager.swift in Sources */ = {isa = PBXBuildFile; fileRef = D380699D27DE1C91001EA6E2 /* StoreManager.swift */; };
		D3A0A99827A7145F00625BB6 /* AppContainer.swift in Sources */ = {isa = PBXBuildFile; fileRef = D3A0A99727A7145F00625BB6 /* AppContainer.swift */; };
		D3A0A99A27A7146700625BB6 /* AppRouter.swift in Sources */ = {isa = PBXBuildFile; fileRef = D3A0A99927A7146700625BB6 /* AppRouter.swift */; };
		D3A0A99E27A71F8300625BB6 /* IncomeExpenseBuilder.swift in Sources */ = {isa = PBXBuildFile; fileRef = D3A0A99D27A71F8300625BB6 /* IncomeExpenseBuilder.swift */; };
		D3A8117028AAE07E00004866 /* UIViewContoller+Extension.swift in Sources */ = {isa = PBXBuildFile; fileRef = D3A8116F28AAE07E00004866 /* UIViewContoller+Extension.swift */; };
		D3C2355D28FC730C00036598 /* CustomSegmentedControl.swift in Sources */ = {isa = PBXBuildFile; fileRef = D3C2355C28FC730C00036598 /* CustomSegmentedControl.swift */; };
		D3D030972986C2E900396BFF /* AboutViewController.swift in Sources */ = {isa = PBXBuildFile; fileRef = D3D030962986C2E900396BFF /* AboutViewController.swift */; };
		D3D030992986C30400396BFF /* AboutBuilder.swift in Sources */ = {isa = PBXBuildFile; fileRef = D3D030982986C30400396BFF /* AboutBuilder.swift */; };
		D3D0309B2986C31200396BFF /* AboutContracts.swift in Sources */ = {isa = PBXBuildFile; fileRef = D3D0309A2986C31200396BFF /* AboutContracts.swift */; };
		D3D0309D2986C32000396BFF /* AboutViewModel.swift in Sources */ = {isa = PBXBuildFile; fileRef = D3D0309C2986C32000396BFF /* AboutViewModel.swift */; };
		D3DBEFB527F0ABBB004A02CD /* UIView+Extension.swift in Sources */ = {isa = PBXBuildFile; fileRef = D3DBEFB427F0ABBB004A02CD /* UIView+Extension.swift */; };
		D3F04D99272C2AC10047E9F4 /* AppDelegate.swift in Sources */ = {isa = PBXBuildFile; fileRef = D3F04D98272C2AC10047E9F4 /* AppDelegate.swift */; };
		D3F04D9D272C2AC10047E9F4 /* IncomeExpenseViewController.swift in Sources */ = {isa = PBXBuildFile; fileRef = D3F04D9C272C2AC10047E9F4 /* IncomeExpenseViewController.swift */; };
		D3F04DA2272C2AC20047E9F4 /* Assets.xcassets in Resources */ = {isa = PBXBuildFile; fileRef = D3F04DA1272C2AC20047E9F4 /* Assets.xcassets */; };
		D3F04DA5272C2AC20047E9F4 /* LaunchScreen.storyboard in Resources */ = {isa = PBXBuildFile; fileRef = D3F04DA3272C2AC20047E9F4 /* LaunchScreen.storyboard */; };
		D3F04DB0272C2AC20047E9F4 /* GelirGiderAppTests.swift in Sources */ = {isa = PBXBuildFile; fileRef = D3F04DAF272C2AC20047E9F4 /* GelirGiderAppTests.swift */; };
		D3F04DBA272C2AC20047E9F4 /* GelirGiderAppUITests.swift in Sources */ = {isa = PBXBuildFile; fileRef = D3F04DB9272C2AC20047E9F4 /* GelirGiderAppUITests.swift */; };
		D3F04DBC272C2AC20047E9F4 /* GelirGiderAppUITestsLaunchTests.swift in Sources */ = {isa = PBXBuildFile; fileRef = D3F04DBB272C2AC20047E9F4 /* GelirGiderAppUITestsLaunchTests.swift */; };
		D3FF59D9292AA018007BA108 /* SectionHeader.swift in Sources */ = {isa = PBXBuildFile; fileRef = D3FF59D8292AA018007BA108 /* SectionHeader.swift */; };
/* End PBXBuildFile section */

/* Begin PBXContainerItemProxy section */
		D3F04DAC272C2AC20047E9F4 /* PBXContainerItemProxy */ = {
			isa = PBXContainerItemProxy;
			containerPortal = D3F04D8D272C2AC10047E9F4 /* Project object */;
			proxyType = 1;
			remoteGlobalIDString = D3F04D94272C2AC10047E9F4;
			remoteInfo = GelirGiderApp;
		};
		D3F04DB6272C2AC20047E9F4 /* PBXContainerItemProxy */ = {
			isa = PBXContainerItemProxy;
			containerPortal = D3F04D8D272C2AC10047E9F4 /* Project object */;
			proxyType = 1;
			remoteGlobalIDString = D3F04D94272C2AC10047E9F4;
			remoteInfo = GelirGiderApp;
		};
/* End PBXContainerItemProxy section */

/* Begin PBXFileReference section */
		D30C198C27AAFF870002C07D /* IncomeExpenseContracts.swift */ = {isa = PBXFileReference; lastKnownFileType = sourcecode.swift; path = IncomeExpenseContracts.swift; sourceTree = "<group>"; };
		D30C199027AB027E0002C07D /* IncomeExpensePresentation.swift */ = {isa = PBXFileReference; lastKnownFileType = sourcecode.swift; path = IncomeExpensePresentation.swift; sourceTree = "<group>"; };
		D30C199227AB03A40002C07D /* Constants.swift */ = {isa = PBXFileReference; lastKnownFileType = sourcecode.swift; path = Constants.swift; sourceTree = "<group>"; wrapsLines = 1; };
		D30C199527AB06C50002C07D /* IncomeExpenseModel.swift */ = {isa = PBXFileReference; lastKnownFileType = sourcecode.swift; path = IncomeExpenseModel.swift; sourceTree = "<group>"; };
		D30C199727AB09DB0002C07D /* IncomeExpenseViewModel.swift */ = {isa = PBXFileReference; lastKnownFileType = sourcecode.swift; path = IncomeExpenseViewModel.swift; sourceTree = "<group>"; };
		D30C199A27AB10C20002C07D /* Date+Extension.swift */ = {isa = PBXFileReference; lastKnownFileType = sourcecode.swift; path = "Date+Extension.swift"; sourceTree = "<group>"; };
		D31843CB2919A1C6000396CB /* MontlySummaryPresentation.swift */ = {isa = PBXFileReference; lastKnownFileType = sourcecode.swift; path = MontlySummaryPresentation.swift; sourceTree = "<group>"; };
		D31A4A922806136500070A25 /* IncomeExpenseCell.swift */ = {isa = PBXFileReference; lastKnownFileType = sourcecode.swift; path = IncomeExpenseCell.swift; sourceTree = "<group>"; };
		D3271F8A28A8142F0010B75C /* Double+Extension.swift */ = {isa = PBXFileReference; lastKnownFileType = sourcecode.swift; path = "Double+Extension.swift"; sourceTree = "<group>"; };
		D3271F8C28A84A0A0010B75C /* UITextField+Extension.swift */ = {isa = PBXFileReference; lastKnownFileType = sourcecode.swift; path = "UITextField+Extension.swift"; sourceTree = "<group>"; };
		D3272D6B292D699900620DC6 /* YearlySummaryBuilder.swift */ = {isa = PBXFileReference; lastKnownFileType = sourcecode.swift; path = YearlySummaryBuilder.swift; sourceTree = "<group>"; };
		D3272D6D292D69A500620DC6 /* YearlySummaryContracts.swift */ = {isa = PBXFileReference; lastKnownFileType = sourcecode.swift; path = YearlySummaryContracts.swift; sourceTree = "<group>"; };
		D3272D6F292D69B300620DC6 /* YearlySummaryViewModel.swift */ = {isa = PBXFileReference; lastKnownFileType = sourcecode.swift; path = YearlySummaryViewModel.swift; sourceTree = "<group>"; };
		D3272D71292D6A4400620DC6 /* YearlySummaryVC.swift */ = {isa = PBXFileReference; lastKnownFileType = sourcecode.swift; path = YearlySummaryVC.swift; sourceTree = "<group>"; };
		D3292F512917FDF800FFA99C /* UISwipeActionsConfiguration+Extension.swift */ = {isa = PBXFileReference; lastKnownFileType = sourcecode.swift; path = "UISwipeActionsConfiguration+Extension.swift"; sourceTree = "<group>"; };
		D3292F5429183A0900FFA99C /* MontlySummaryBuilder.swift */ = {isa = PBXFileReference; lastKnownFileType = sourcecode.swift; path = MontlySummaryBuilder.swift; sourceTree = "<group>"; };
		D3292F5629183A1D00FFA99C /* MontlySummaryVC.swift */ = {isa = PBXFileReference; lastKnownFileType = sourcecode.swift; path = MontlySummaryVC.swift; sourceTree = "<group>"; };
		D3292F5829183A2B00FFA99C /* MontlySummaryContracts.swift */ = {isa = PBXFileReference; lastKnownFileType = sourcecode.swift; path = MontlySummaryContracts.swift; sourceTree = "<group>"; };
		D3292F5A29183A3E00FFA99C /* MontlySummaryViewModel.swift */ = {isa = PBXFileReference; lastKnownFileType = sourcecode.swift; path = MontlySummaryViewModel.swift; sourceTree = "<group>"; };
		D3292F5D2918439600FFA99C /* MontlySummaryCell.swift */ = {isa = PBXFileReference; lastKnownFileType = sourcecode.swift; path = MontlySummaryCell.swift; sourceTree = "<group>"; };
		D341931F29086BD300B69B1E /* Poppins-Bold.ttf */ = {isa = PBXFileReference; lastKnownFileType = file; path = "Poppins-Bold.ttf"; sourceTree = "<group>"; };
		D341932129086BDB00B69B1E /* Poppins-SemiBold.ttf */ = {isa = PBXFileReference; lastKnownFileType = file; path = "Poppins-SemiBold.ttf"; sourceTree = "<group>"; };
		D341932329086BE500B69B1E /* Poppins-Light.ttf */ = {isa = PBXFileReference; lastKnownFileType = file; path = "Poppins-Light.ttf"; sourceTree = "<group>"; };
		D341932529086D9900B69B1E /* Poppins-Italic.ttf */ = {isa = PBXFileReference; lastKnownFileType = file; path = "Poppins-Italic.ttf"; sourceTree = "<group>"; };
		D3419329290871E800B69B1E /* Poppins-Medium.ttf */ = {isa = PBXFileReference; lastKnownFileType = file; path = "Poppins-Medium.ttf"; sourceTree = "<group>"; };
		D341932B2908775300B69B1E /* UIFont+Extension.swift */ = {isa = PBXFileReference; lastKnownFileType = sourcecode.swift; path = "UIFont+Extension.swift"; sourceTree = "<group>"; };
		D341932D290878CD00B69B1E /* Poppins-Regular.ttf */ = {isa = PBXFileReference; lastKnownFileType = file; path = "Poppins-Regular.ttf"; sourceTree = "<group>"; };
		D34817112933E705009DBD04 /* YearlySummaryCell.swift */ = {isa = PBXFileReference; lastKnownFileType = sourcecode.swift; path = YearlySummaryCell.swift; sourceTree = "<group>"; };
		D34817132933E97C009DBD04 /* YearlySummaryPresentation.swift */ = {isa = PBXFileReference; lastKnownFileType = sourcecode.swift; path = YearlySummaryPresentation.swift; sourceTree = "<group>"; };
		D3537F89291FA52500A3AEF1 /* Action.swift */ = {isa = PBXFileReference; lastKnownFileType = sourcecode.swift; path = Action.swift; sourceTree = "<group>"; };
		D3537F8B291FA55600A3AEF1 /* ActionButton.swift */ = {isa = PBXFileReference; lastKnownFileType = sourcecode.swift; path = ActionButton.swift; sourceTree = "<group>"; };
		D3537F8D291FA58800A3AEF1 /* CustomAlertViewController.swift */ = {isa = PBXFileReference; lastKnownFileType = sourcecode.swift; path = CustomAlertViewController.swift; sourceTree = "<group>"; };
		D354D31F292ABD01009B07DA /* SettingsModel.swift */ = {isa = PBXFileReference; lastKnownFileType = sourcecode.swift; path = SettingsModel.swift; sourceTree = "<group>"; };
		D35A1961290C343E00BA7F90 /* CustomModalVC.swift */ = {isa = PBXFileReference; lastKnownFileType = sourcecode.swift; path = CustomModalVC.swift; sourceTree = "<group>"; };
		D35A1963290C346B00BA7F90 /* CustomModalVCContracts.swift */ = {isa = PBXFileReference; lastKnownFileType = sourcecode.swift; path = CustomModalVCContracts.swift; sourceTree = "<group>"; };
		D35A1965290C403400BA7F90 /* CustomModalTableViewCell.swift */ = {isa = PBXFileReference; lastKnownFileType = sourcecode.swift; path = CustomModalTableViewCell.swift; sourceTree = "<group>"; };
		D35A1967290C548E00BA7F90 /* UIColor+Extension.swift */ = {isa = PBXFileReference; lastKnownFileType = sourcecode.swift; path = "UIColor+Extension.swift"; sourceTree = "<group>"; };
		D36B6FBC29217DAF00C5A413 /* PieView.swift */ = {isa = PBXFileReference; lastKnownFileType = sourcecode.swift; path = PieView.swift; sourceTree = "<group>"; };
		D36B6FBE29218C2F00C5A413 /* CGFloat+Extension.swift */ = {isa = PBXFileReference; lastKnownFileType = sourcecode.swift; path = "CGFloat+Extension.swift"; sourceTree = "<group>"; };
		D36FEB17291D9A7A00E2A1D6 /* MontlySummaryModel.swift */ = {isa = PBXFileReference; lastKnownFileType = sourcecode.swift; path = MontlySummaryModel.swift; sourceTree = "<group>"; };
		D3729B13280B096E00B8B73C /* String+Extension.swift */ = {isa = PBXFileReference; lastKnownFileType = sourcecode.swift; path = "String+Extension.swift"; sourceTree = "<group>"; };
		D37838FD283AD80A004307D1 /* CustomTextField.swift */ = {isa = PBXFileReference; lastKnownFileType = sourcecode.swift; path = CustomTextField.swift; sourceTree = "<group>"; };
		D37C6AC527F8A395009A37DF /* RoundedButton.swift */ = {isa = PBXFileReference; lastKnownFileType = sourcecode.swift; path = RoundedButton.swift; sourceTree = "<group>"; };
		D380699627DCBFB0001EA6E2 /* Realm.framework */ = {isa = PBXFileReference; lastKnownFileType = wrapper.framework; name = Realm.framework; path = ../../Vendor/Carthage/Build/iOS/Realm.framework; sourceTree = "<group>"; };
		D380699727DCBFB0001EA6E2 /* RealmSwift.framework */ = {isa = PBXFileReference; lastKnownFileType = wrapper.framework; name = RealmSwift.framework; path = ../../Vendor/Carthage/Build/iOS/RealmSwift.framework; sourceTree = "<group>"; };
		D380699D27DE1C91001EA6E2 /* StoreManager.swift */ = {isa = PBXFileReference; lastKnownFileType = sourcecode.swift; path = StoreManager.swift; sourceTree = "<group>"; };
		D3A0A99727A7145F00625BB6 /* AppContainer.swift */ = {isa = PBXFileReference; lastKnownFileType = sourcecode.swift; path = AppContainer.swift; sourceTree = "<group>"; };
		D3A0A99927A7146700625BB6 /* AppRouter.swift */ = {isa = PBXFileReference; lastKnownFileType = sourcecode.swift; path = AppRouter.swift; sourceTree = "<group>"; };
		D3A0A99D27A71F8300625BB6 /* IncomeExpenseBuilder.swift */ = {isa = PBXFileReference; lastKnownFileType = sourcecode.swift; path = IncomeExpenseBuilder.swift; sourceTree = "<group>"; };
		D3A8116F28AAE07E00004866 /* UIViewContoller+Extension.swift */ = {isa = PBXFileReference; lastKnownFileType = sourcecode.swift; path = "UIViewContoller+Extension.swift"; sourceTree = "<group>"; };
		D3C2355C28FC730C00036598 /* CustomSegmentedControl.swift */ = {isa = PBXFileReference; lastKnownFileType = sourcecode.swift; path = CustomSegmentedControl.swift; sourceTree = "<group>"; };
		D3D030962986C2E900396BFF /* AboutViewController.swift */ = {isa = PBXFileReference; lastKnownFileType = sourcecode.swift; path = AboutViewController.swift; sourceTree = "<group>"; };
		D3D030982986C30400396BFF /* AboutBuilder.swift */ = {isa = PBXFileReference; lastKnownFileType = sourcecode.swift; path = AboutBuilder.swift; sourceTree = "<group>"; };
		D3D0309A2986C31200396BFF /* AboutContracts.swift */ = {isa = PBXFileReference; lastKnownFileType = sourcecode.swift; path = AboutContracts.swift; sourceTree = "<group>"; };
		D3D0309C2986C32000396BFF /* AboutViewModel.swift */ = {isa = PBXFileReference; lastKnownFileType = sourcecode.swift; path = AboutViewModel.swift; sourceTree = "<group>"; };
		D3DBEFB427F0ABBB004A02CD /* UIView+Extension.swift */ = {isa = PBXFileReference; lastKnownFileType = sourcecode.swift; path = "UIView+Extension.swift"; sourceTree = "<group>"; };
		D3F04D95272C2AC10047E9F4 /* GelirGiderApp.app */ = {isa = PBXFileReference; explicitFileType = wrapper.application; includeInIndex = 0; path = GelirGiderApp.app; sourceTree = BUILT_PRODUCTS_DIR; };
		D3F04D98272C2AC10047E9F4 /* AppDelegate.swift */ = {isa = PBXFileReference; lastKnownFileType = sourcecode.swift; path = AppDelegate.swift; sourceTree = "<group>"; };
		D3F04D9C272C2AC10047E9F4 /* IncomeExpenseViewController.swift */ = {isa = PBXFileReference; lastKnownFileType = sourcecode.swift; path = IncomeExpenseViewController.swift; sourceTree = "<group>"; };
		D3F04DA1272C2AC20047E9F4 /* Assets.xcassets */ = {isa = PBXFileReference; lastKnownFileType = folder.assetcatalog; path = Assets.xcassets; sourceTree = "<group>"; };
		D3F04DA4272C2AC20047E9F4 /* Base */ = {isa = PBXFileReference; lastKnownFileType = file.storyboard; name = Base; path = Base.lproj/LaunchScreen.storyboard; sourceTree = "<group>"; };
		D3F04DA6272C2AC20047E9F4 /* Info.plist */ = {isa = PBXFileReference; lastKnownFileType = text.plist.xml; path = Info.plist; sourceTree = "<group>"; };
		D3F04DAB272C2AC20047E9F4 /* GelirGiderAppTests.xctest */ = {isa = PBXFileReference; explicitFileType = wrapper.cfbundle; includeInIndex = 0; path = GelirGiderAppTests.xctest; sourceTree = BUILT_PRODUCTS_DIR; };
		D3F04DAF272C2AC20047E9F4 /* GelirGiderAppTests.swift */ = {isa = PBXFileReference; lastKnownFileType = sourcecode.swift; path = GelirGiderAppTests.swift; sourceTree = "<group>"; };
		D3F04DB5272C2AC20047E9F4 /* GelirGiderAppUITests.xctest */ = {isa = PBXFileReference; explicitFileType = wrapper.cfbundle; includeInIndex = 0; path = GelirGiderAppUITests.xctest; sourceTree = BUILT_PRODUCTS_DIR; };
		D3F04DB9272C2AC20047E9F4 /* GelirGiderAppUITests.swift */ = {isa = PBXFileReference; lastKnownFileType = sourcecode.swift; path = GelirGiderAppUITests.swift; sourceTree = "<group>"; };
		D3F04DBB272C2AC20047E9F4 /* GelirGiderAppUITestsLaunchTests.swift */ = {isa = PBXFileReference; lastKnownFileType = sourcecode.swift; path = GelirGiderAppUITestsLaunchTests.swift; sourceTree = "<group>"; };
		D3FF59D8292AA018007BA108 /* SectionHeader.swift */ = {isa = PBXFileReference; lastKnownFileType = sourcecode.swift; path = SectionHeader.swift; sourceTree = "<group>"; };
/* End PBXFileReference section */

/* Begin PBXFrameworksBuildPhase section */
		D3F04D92272C2AC10047E9F4 /* Frameworks */ = {
			isa = PBXFrameworksBuildPhase;
			buildActionMask = 2147483647;
			files = (
				D380699927DCBFB1001EA6E2 /* RealmSwift.framework in Frameworks */,
				D380699827DCBFB1001EA6E2 /* Realm.framework in Frameworks */,
			);
			runOnlyForDeploymentPostprocessing = 0;
		};
		D3F04DA8272C2AC20047E9F4 /* Frameworks */ = {
			isa = PBXFrameworksBuildPhase;
			buildActionMask = 2147483647;
			files = (
			);
			runOnlyForDeploymentPostprocessing = 0;
		};
		D3F04DB2272C2AC20047E9F4 /* Frameworks */ = {
			isa = PBXFrameworksBuildPhase;
			buildActionMask = 2147483647;
			files = (
			);
			runOnlyForDeploymentPostprocessing = 0;
		};
/* End PBXFrameworksBuildPhase section */

/* Begin PBXGroup section */
		D30C198B27AAFDE00002C07D /* IncomeExpense */ = {
			isa = PBXGroup;
			children = (
				D37C6AC427F8A383009A37DF /* View */,
				D3A0A99D27A71F8300625BB6 /* IncomeExpenseBuilder.swift */,
				D30C198C27AAFF870002C07D /* IncomeExpenseContracts.swift */,
				D30C199727AB09DB0002C07D /* IncomeExpenseViewModel.swift */,
			);
			path = IncomeExpense;
			sourceTree = "<group>";
		};
		D30C198E27AB02490002C07D /* Commons */ = {
			isa = PBXGroup;
			children = (
				D3537F88291FA50C00A3AEF1 /* Alert */,
				D35A1960290C342700BA7F90 /* MenuModal */,
				D380699C27DE1C6E001EA6E2 /* StoreManager */,
				D30C199927AB10770002C07D /* Extensions */,
				D30C199427AB06A90002C07D /* Model */,
				D30C198F27AB02650002C07D /* Presentations */,
				D30C199227AB03A40002C07D /* Constants.swift */,
			);
			path = Commons;
			sourceTree = "<group>";
		};
		D30C198F27AB02650002C07D /* Presentations */ = {
			isa = PBXGroup;
			children = (
				D30C199027AB027E0002C07D /* IncomeExpensePresentation.swift */,
				D31843CB2919A1C6000396CB /* MontlySummaryPresentation.swift */,
				D34817132933E97C009DBD04 /* YearlySummaryPresentation.swift */,
			);
			path = Presentations;
			sourceTree = "<group>";
		};
		D30C199427AB06A90002C07D /* Model */ = {
			isa = PBXGroup;
			children = (
				D30C199527AB06C50002C07D /* IncomeExpenseModel.swift */,
				D36FEB17291D9A7A00E2A1D6 /* MontlySummaryModel.swift */,
				D354D31F292ABD01009B07DA /* SettingsModel.swift */,
			);
			path = Model;
			sourceTree = "<group>";
		};
		D30C199927AB10770002C07D /* Extensions */ = {
			isa = PBXGroup;
			children = (
				D30C199A27AB10C20002C07D /* Date+Extension.swift */,
				D3DBEFB427F0ABBB004A02CD /* UIView+Extension.swift */,
				D3729B13280B096E00B8B73C /* String+Extension.swift */,
				D3271F8A28A8142F0010B75C /* Double+Extension.swift */,
				D3271F8C28A84A0A0010B75C /* UITextField+Extension.swift */,
				D3A8116F28AAE07E00004866 /* UIViewContoller+Extension.swift */,
				D341932B2908775300B69B1E /* UIFont+Extension.swift */,
				D35A1967290C548E00BA7F90 /* UIColor+Extension.swift */,
				D3292F512917FDF800FFA99C /* UISwipeActionsConfiguration+Extension.swift */,
				D36B6FBE29218C2F00C5A413 /* CGFloat+Extension.swift */,
			);
			path = Extensions;
			sourceTree = "<group>";
		};
		D30E20A3294F5D9400939A54 /* About */ = {
			isa = PBXGroup;
			children = (
				D3D030962986C2E900396BFF /* AboutViewController.swift */,
				D3D030982986C30400396BFF /* AboutBuilder.swift */,
				D3D0309A2986C31200396BFF /* AboutContracts.swift */,
				D3D0309C2986C32000396BFF /* AboutViewModel.swift */,
			);
			path = About;
			sourceTree = "<group>";
		};
		D3272D69292D694700620DC6 /* YearlySummary */ = {
			isa = PBXGroup;
			children = (
				D3272D6A292D698900620DC6 /* View */,
				D3272D6B292D699900620DC6 /* YearlySummaryBuilder.swift */,
				D3272D6D292D69A500620DC6 /* YearlySummaryContracts.swift */,
				D3272D6F292D69B300620DC6 /* YearlySummaryViewModel.swift */,
			);
			path = YearlySummary;
			sourceTree = "<group>";
		};
		D3272D6A292D698900620DC6 /* View */ = {
			isa = PBXGroup;
			children = (
				D3272D71292D6A4400620DC6 /* YearlySummaryVC.swift */,
				D34817112933E705009DBD04 /* YearlySummaryCell.swift */,
			);
			path = View;
			sourceTree = "<group>";
		};
		D3292F532918395F00FFA99C /* MontlySummary */ = {
			isa = PBXGroup;
			children = (
				D3292F5C29183A4D00FFA99C /* View */,
				D3292F5429183A0900FFA99C /* MontlySummaryBuilder.swift */,
				D3292F5829183A2B00FFA99C /* MontlySummaryContracts.swift */,
				D3292F5A29183A3E00FFA99C /* MontlySummaryViewModel.swift */,
			);
			path = MontlySummary;
			sourceTree = "<group>";
		};
		D3292F5C29183A4D00FFA99C /* View */ = {
			isa = PBXGroup;
			children = (
				D3292F5629183A1D00FFA99C /* MontlySummaryVC.swift */,
				D3292F5D2918439600FFA99C /* MontlySummaryCell.swift */,
				D36B6FBC29217DAF00C5A413 /* PieView.swift */,
				D3FF59D8292AA018007BA108 /* SectionHeader.swift */,
			);
			path = View;
			sourceTree = "<group>";
		};
		D341931D29086BB600B69B1E /* Resources */ = {
			isa = PBXGroup;
			children = (
				D341931E29086BC200B69B1E /* Fonts */,
			);
			path = Resources;
			sourceTree = "<group>";
		};
		D341931E29086BC200B69B1E /* Fonts */ = {
			isa = PBXGroup;
			children = (
				D341932D290878CD00B69B1E /* Poppins-Regular.ttf */,
				D3419329290871E800B69B1E /* Poppins-Medium.ttf */,
				D341932529086D9900B69B1E /* Poppins-Italic.ttf */,
				D341932329086BE500B69B1E /* Poppins-Light.ttf */,
				D341932129086BDB00B69B1E /* Poppins-SemiBold.ttf */,
				D341931F29086BD300B69B1E /* Poppins-Bold.ttf */,
			);
			path = Fonts;
			sourceTree = "<group>";
		};
		D3537F88291FA50C00A3AEF1 /* Alert */ = {
			isa = PBXGroup;
			children = (
				D3537F89291FA52500A3AEF1 /* Action.swift */,
				D3537F8B291FA55600A3AEF1 /* ActionButton.swift */,
				D3537F8D291FA58800A3AEF1 /* CustomAlertViewController.swift */,
			);
			path = Alert;
			sourceTree = "<group>";
		};
		D35A1960290C342700BA7F90 /* MenuModal */ = {
			isa = PBXGroup;
			children = (
				D35A1961290C343E00BA7F90 /* CustomModalVC.swift */,
				D35A1963290C346B00BA7F90 /* CustomModalVCContracts.swift */,
				D35A1965290C403400BA7F90 /* CustomModalTableViewCell.swift */,
			);
			path = MenuModal;
			sourceTree = "<group>";
		};
		D37C6AC427F8A383009A37DF /* View */ = {
			isa = PBXGroup;
			children = (
				D3F04D9C272C2AC10047E9F4 /* IncomeExpenseViewController.swift */,
				D37C6AC527F8A395009A37DF /* RoundedButton.swift */,
				D31A4A922806136500070A25 /* IncomeExpenseCell.swift */,
				D37838FD283AD80A004307D1 /* CustomTextField.swift */,
				D3C2355C28FC730C00036598 /* CustomSegmentedControl.swift */,
			);
			path = View;
			sourceTree = "<group>";
		};
		D380699527DCBF7C001EA6E2 /* Frameworks */ = {
			isa = PBXGroup;
			children = (
				D380699627DCBFB0001EA6E2 /* Realm.framework */,
				D380699727DCBFB0001EA6E2 /* RealmSwift.framework */,
			);
			name = Frameworks;
			sourceTree = "<group>";
		};
		D380699C27DE1C6E001EA6E2 /* StoreManager */ = {
			isa = PBXGroup;
			children = (
				D380699D27DE1C91001EA6E2 /* StoreManager.swift */,
			);
			path = StoreManager;
			sourceTree = "<group>";
		};
		D3A0A99627A7144600625BB6 /* App */ = {
			isa = PBXGroup;
			children = (
				D3A0A99727A7145F00625BB6 /* AppContainer.swift */,
				D3F04D98272C2AC10047E9F4 /* AppDelegate.swift */,
				D3A0A99927A7146700625BB6 /* AppRouter.swift */,
			);
			path = App;
			sourceTree = "<group>";
		};
		D3A0A99B27A71EA600625BB6 /* Scenes */ = {
			isa = PBXGroup;
			children = (
				D30C198B27AAFDE00002C07D /* IncomeExpense */,
				D3292F532918395F00FFA99C /* MontlySummary */,
				D3272D69292D694700620DC6 /* YearlySummary */,
				D30E20A3294F5D9400939A54 /* About */,
			);
			path = Scenes;
			sourceTree = "<group>";
		};
		D3F04D8C272C2AC10047E9F4 = {
			isa = PBXGroup;
			children = (
				D3F04D97272C2AC10047E9F4 /* GelirGiderApp */,
				D3F04DAE272C2AC20047E9F4 /* GelirGiderAppTests */,
				D3F04DB8272C2AC20047E9F4 /* GelirGiderAppUITests */,
				D3F04D96272C2AC10047E9F4 /* Products */,
			);
			sourceTree = "<group>";
		};
		D3F04D96272C2AC10047E9F4 /* Products */ = {
			isa = PBXGroup;
			children = (
				D3F04D95272C2AC10047E9F4 /* GelirGiderApp.app */,
				D3F04DAB272C2AC20047E9F4 /* GelirGiderAppTests.xctest */,
				D3F04DB5272C2AC20047E9F4 /* GelirGiderAppUITests.xctest */,
			);
			name = Products;
			sourceTree = "<group>";
		};
		D3F04D97272C2AC10047E9F4 /* GelirGiderApp */ = {
			isa = PBXGroup;
			children = (
				D3A0A99627A7144600625BB6 /* App */,
				D380699527DCBF7C001EA6E2 /* Frameworks */,
				D30C198E27AB02490002C07D /* Commons */,
				D341931D29086BB600B69B1E /* Resources */,
				D3A0A99B27A71EA600625BB6 /* Scenes */,
				D3F04DA1272C2AC20047E9F4 /* Assets.xcassets */,
				D3F04DA3272C2AC20047E9F4 /* LaunchScreen.storyboard */,
				D3F04DA6272C2AC20047E9F4 /* Info.plist */,
			);
			path = GelirGiderApp;
			sourceTree = "<group>";
		};
		D3F04DAE272C2AC20047E9F4 /* GelirGiderAppTests */ = {
			isa = PBXGroup;
			children = (
				D3F04DAF272C2AC20047E9F4 /* GelirGiderAppTests.swift */,
			);
			path = GelirGiderAppTests;
			sourceTree = "<group>";
		};
		D3F04DB8272C2AC20047E9F4 /* GelirGiderAppUITests */ = {
			isa = PBXGroup;
			children = (
				D3F04DB9272C2AC20047E9F4 /* GelirGiderAppUITests.swift */,
				D3F04DBB272C2AC20047E9F4 /* GelirGiderAppUITestsLaunchTests.swift */,
			);
			path = GelirGiderAppUITests;
			sourceTree = "<group>";
		};
/* End PBXGroup section */

/* Begin PBXNativeTarget section */
		D3F04D94272C2AC10047E9F4 /* GelirGiderApp */ = {
			isa = PBXNativeTarget;
			buildConfigurationList = D3F04DBF272C2AC20047E9F4 /* Build configuration list for PBXNativeTarget "GelirGiderApp" */;
			buildPhases = (
				D3F04D91272C2AC10047E9F4 /* Sources */,
				D3F04D92272C2AC10047E9F4 /* Frameworks */,
				D3F04D93272C2AC10047E9F4 /* Resources */,
				D380699A27DCC136001EA6E2 /* ShellScript */,
			);
			buildRules = (
			);
			dependencies = (
			);
			name = GelirGiderApp;
			productName = GelirGiderApp;
			productReference = D3F04D95272C2AC10047E9F4 /* GelirGiderApp.app */;
			productType = "com.apple.product-type.application";
		};
		D3F04DAA272C2AC20047E9F4 /* GelirGiderAppTests */ = {
			isa = PBXNativeTarget;
			buildConfigurationList = D3F04DC2272C2AC20047E9F4 /* Build configuration list for PBXNativeTarget "GelirGiderAppTests" */;
			buildPhases = (
				D3F04DA7272C2AC20047E9F4 /* Sources */,
				D3F04DA8272C2AC20047E9F4 /* Frameworks */,
				D3F04DA9272C2AC20047E9F4 /* Resources */,
			);
			buildRules = (
			);
			dependencies = (
				D3F04DAD272C2AC20047E9F4 /* PBXTargetDependency */,
			);
			name = GelirGiderAppTests;
			productName = GelirGiderAppTests;
			productReference = D3F04DAB272C2AC20047E9F4 /* GelirGiderAppTests.xctest */;
			productType = "com.apple.product-type.bundle.unit-test";
		};
		D3F04DB4272C2AC20047E9F4 /* GelirGiderAppUITests */ = {
			isa = PBXNativeTarget;
			buildConfigurationList = D3F04DC5272C2AC20047E9F4 /* Build configuration list for PBXNativeTarget "GelirGiderAppUITests" */;
			buildPhases = (
				D3F04DB1272C2AC20047E9F4 /* Sources */,
				D3F04DB2272C2AC20047E9F4 /* Frameworks */,
				D3F04DB3272C2AC20047E9F4 /* Resources */,
			);
			buildRules = (
			);
			dependencies = (
				D3F04DB7272C2AC20047E9F4 /* PBXTargetDependency */,
			);
			name = GelirGiderAppUITests;
			productName = GelirGiderAppUITests;
			productReference = D3F04DB5272C2AC20047E9F4 /* GelirGiderAppUITests.xctest */;
			productType = "com.apple.product-type.bundle.ui-testing";
		};
/* End PBXNativeTarget section */

/* Begin PBXProject section */
		D3F04D8D272C2AC10047E9F4 /* Project object */ = {
			isa = PBXProject;
			attributes = {
				BuildIndependentTargetsInParallel = 1;
				LastSwiftUpdateCheck = 1310;
				LastUpgradeCheck = 1310;
				TargetAttributes = {
					D3F04D94272C2AC10047E9F4 = {
						CreatedOnToolsVersion = 13.1;
					};
					D3F04DAA272C2AC20047E9F4 = {
						CreatedOnToolsVersion = 13.1;
						TestTargetID = D3F04D94272C2AC10047E9F4;
					};
					D3F04DB4272C2AC20047E9F4 = {
						CreatedOnToolsVersion = 13.1;
						TestTargetID = D3F04D94272C2AC10047E9F4;
					};
				};
			};
			buildConfigurationList = D3F04D90272C2AC10047E9F4 /* Build configuration list for PBXProject "GelirGiderApp" */;
			compatibilityVersion = "Xcode 13.0";
			developmentRegion = en;
			hasScannedForEncodings = 0;
			knownRegions = (
				en,
				Base,
			);
			mainGroup = D3F04D8C272C2AC10047E9F4;
			productRefGroup = D3F04D96272C2AC10047E9F4 /* Products */;
			projectDirPath = "";
			projectRoot = "";
			targets = (
				D3F04D94272C2AC10047E9F4 /* GelirGiderApp */,
				D3F04DAA272C2AC20047E9F4 /* GelirGiderAppTests */,
				D3F04DB4272C2AC20047E9F4 /* GelirGiderAppUITests */,
			);
		};
/* End PBXProject section */

/* Begin PBXResourcesBuildPhase section */
		D3F04D93272C2AC10047E9F4 /* Resources */ = {
			isa = PBXResourcesBuildPhase;
			buildActionMask = 2147483647;
			files = (
				D341932629086D9900B69B1E /* Poppins-Italic.ttf in Resources */,
				D341932A290871E800B69B1E /* Poppins-Medium.ttf in Resources */,
				D341932229086BDB00B69B1E /* Poppins-SemiBold.ttf in Resources */,
				D341932429086BE500B69B1E /* Poppins-Light.ttf in Resources */,
				D3F04DA5272C2AC20047E9F4 /* LaunchScreen.storyboard in Resources */,
				D3F04DA2272C2AC20047E9F4 /* Assets.xcassets in Resources */,
				D341932029086BD300B69B1E /* Poppins-Bold.ttf in Resources */,
				D341932E290878CD00B69B1E /* Poppins-Regular.ttf in Resources */,
			);
			runOnlyForDeploymentPostprocessing = 0;
		};
		D3F04DA9272C2AC20047E9F4 /* Resources */ = {
			isa = PBXResourcesBuildPhase;
			buildActionMask = 2147483647;
			files = (
			);
			runOnlyForDeploymentPostprocessing = 0;
		};
		D3F04DB3272C2AC20047E9F4 /* Resources */ = {
			isa = PBXResourcesBuildPhase;
			buildActionMask = 2147483647;
			files = (
			);
			runOnlyForDeploymentPostprocessing = 0;
		};
/* End PBXResourcesBuildPhase section */

/* Begin PBXShellScriptBuildPhase section */
		D380699A27DCC136001EA6E2 /* ShellScript */ = {
			isa = PBXShellScriptBuildPhase;
			alwaysOutOfDate = 1;
			buildActionMask = 12;
			files = (
			);
			inputFileListPaths = (
			);
			inputPaths = (
				"$(SRCROOT)/../Vendor/Carthage/Build/iOS/RealmSwift.framework",
				"$(SRCROOT)/../Vendor/Carthage/Build/iOS/Realm.framework",
			);
			outputFileListPaths = (
			);
			outputPaths = (
			);
			runOnlyForDeploymentPostprocessing = 0;
			shellPath = /bin/sh;
			shellScript = "/usr/local/bin/carthage copy-frameworks\n";
		};
/* End PBXShellScriptBuildPhase section */

/* Begin PBXSourcesBuildPhase section */
		D3F04D91272C2AC10047E9F4 /* Sources */ = {
			isa = PBXSourcesBuildPhase;
			buildActionMask = 2147483647;
			files = (
				D3272D6E292D69A500620DC6 /* YearlySummaryContracts.swift in Sources */,
				D3537F8E291FA58800A3AEF1 /* CustomAlertViewController.swift in Sources */,
				D3D0309D2986C32000396BFF /* AboutViewModel.swift in Sources */,
				D30C199827AB09DB0002C07D /* IncomeExpenseViewModel.swift in Sources */,
				D3292F5B29183A3E00FFA99C /* MontlySummaryViewModel.swift in Sources */,
				D3DBEFB527F0ABBB004A02CD /* UIView+Extension.swift in Sources */,
				D3292F5E2918439600FFA99C /* MontlySummaryCell.swift in Sources */,
				D35A1962290C343E00BA7F90 /* CustomModalVC.swift in Sources */,
				D30C199B27AB10C20002C07D /* Date+Extension.swift in Sources */,
				D31843CC2919A1C6000396CB /* MontlySummaryPresentation.swift in Sources */,
				D3D0309B2986C31200396BFF /* AboutContracts.swift in Sources */,
				D3A8117028AAE07E00004866 /* UIViewContoller+Extension.swift in Sources */,
				D3FF59D9292AA018007BA108 /* SectionHeader.swift in Sources */,
				D3292F5929183A2B00FFA99C /* MontlySummaryContracts.swift in Sources */,
				D34817122933E705009DBD04 /* YearlySummaryCell.swift in Sources */,
				D3292F5529183A0900FFA99C /* MontlySummaryBuilder.swift in Sources */,
				D3F04D9D272C2AC10047E9F4 /* IncomeExpenseViewController.swift in Sources */,
				D341932C2908775300B69B1E /* UIFont+Extension.swift in Sources */,
				D3271F8D28A84A0A0010B75C /* UITextField+Extension.swift in Sources */,
				D3C2355D28FC730C00036598 /* CustomSegmentedControl.swift in Sources */,
				D37838FE283AD80A004307D1 /* CustomTextField.swift in Sources */,
				D3A0A99827A7145F00625BB6 /* AppContainer.swift in Sources */,
				D31A4A932806136500070A25 /* IncomeExpenseCell.swift in Sources */,
				D30C199627AB06C50002C07D /* IncomeExpenseModel.swift in Sources */,
				D3537F8A291FA52500A3AEF1 /* Action.swift in Sources */,
				D3F04D99272C2AC10047E9F4 /* AppDelegate.swift in Sources */,
				D3729B14280B096E00B8B73C /* String+Extension.swift in Sources */,
				D35A1966290C403400BA7F90 /* CustomModalTableViewCell.swift in Sources */,
				D354D320292ABD01009B07DA /* SettingsModel.swift in Sources */,
				D36FEB18291D9A7A00E2A1D6 /* MontlySummaryModel.swift in Sources */,
				D3537F8C291FA55600A3AEF1 /* ActionButton.swift in Sources */,
				D3271F8B28A8142F0010B75C /* Double+Extension.swift in Sources */,
				D3D030972986C2E900396BFF /* AboutViewController.swift in Sources */,
				D30C198D27AAFF870002C07D /* IncomeExpenseContracts.swift in Sources */,
				D3272D72292D6A4400620DC6 /* YearlySummaryVC.swift in Sources */,
				D35A1964290C346B00BA7F90 /* CustomModalVCContracts.swift in Sources */,
				D30C199127AB027E0002C07D /* IncomeExpensePresentation.swift in Sources */,
				D3A0A99E27A71F8300625BB6 /* IncomeExpenseBuilder.swift in Sources */,
				D3272D6C292D699900620DC6 /* YearlySummaryBuilder.swift in Sources */,
				D380699E27DE1C91001EA6E2 /* StoreManager.swift in Sources */,
				D3292F522917FDF800FFA99C /* UISwipeActionsConfiguration+Extension.swift in Sources */,
				D3D030992986C30400396BFF /* AboutBuilder.swift in Sources */,
				D37C6AC627F8A395009A37DF /* RoundedButton.swift in Sources */,
				D36B6FBF29218C2F00C5A413 /* CGFloat+Extension.swift in Sources */,
				D35A1968290C548E00BA7F90 /* UIColor+Extension.swift in Sources */,
				D3272D70292D69B300620DC6 /* YearlySummaryViewModel.swift in Sources */,
				D3A0A99A27A7146700625BB6 /* AppRouter.swift in Sources */,
				D36B6FBD29217DAF00C5A413 /* PieView.swift in Sources */,
				D34817142933E97C009DBD04 /* YearlySummaryPresentation.swift in Sources */,
				D30C199327AB03A40002C07D /* Constants.swift in Sources */,
				D3292F5729183A1D00FFA99C /* MontlySummaryVC.swift in Sources */,
			);
			runOnlyForDeploymentPostprocessing = 0;
		};
		D3F04DA7272C2AC20047E9F4 /* Sources */ = {
			isa = PBXSourcesBuildPhase;
			buildActionMask = 2147483647;
			files = (
				D3F04DB0272C2AC20047E9F4 /* GelirGiderAppTests.swift in Sources */,
			);
			runOnlyForDeploymentPostprocessing = 0;
		};
		D3F04DB1272C2AC20047E9F4 /* Sources */ = {
			isa = PBXSourcesBuildPhase;
			buildActionMask = 2147483647;
			files = (
				D3F04DBC272C2AC20047E9F4 /* GelirGiderAppUITestsLaunchTests.swift in Sources */,
				D3F04DBA272C2AC20047E9F4 /* GelirGiderAppUITests.swift in Sources */,
			);
			runOnlyForDeploymentPostprocessing = 0;
		};
/* End PBXSourcesBuildPhase section */

/* Begin PBXTargetDependency section */
		D3F04DAD272C2AC20047E9F4 /* PBXTargetDependency */ = {
			isa = PBXTargetDependency;
			target = D3F04D94272C2AC10047E9F4 /* GelirGiderApp */;
			targetProxy = D3F04DAC272C2AC20047E9F4 /* PBXContainerItemProxy */;
		};
		D3F04DB7272C2AC20047E9F4 /* PBXTargetDependency */ = {
			isa = PBXTargetDependency;
			target = D3F04D94272C2AC10047E9F4 /* GelirGiderApp */;
			targetProxy = D3F04DB6272C2AC20047E9F4 /* PBXContainerItemProxy */;
		};
/* End PBXTargetDependency section */

/* Begin PBXVariantGroup section */
		D3F04DA3272C2AC20047E9F4 /* LaunchScreen.storyboard */ = {
			isa = PBXVariantGroup;
			children = (
				D3F04DA4272C2AC20047E9F4 /* Base */,
			);
			name = LaunchScreen.storyboard;
			sourceTree = "<group>";
		};
/* End PBXVariantGroup section */

/* Begin XCBuildConfiguration section */
		D3F04DBD272C2AC20047E9F4 /* Debug */ = {
			isa = XCBuildConfiguration;
			buildSettings = {
				ALWAYS_SEARCH_USER_PATHS = NO;
				CLANG_ANALYZER_NONNULL = YES;
				CLANG_ANALYZER_NUMBER_OBJECT_CONVERSION = YES_AGGRESSIVE;
				CLANG_CXX_LANGUAGE_STANDARD = "gnu++17";
				CLANG_CXX_LIBRARY = "libc++";
				CLANG_ENABLE_MODULES = YES;
				CLANG_ENABLE_OBJC_ARC = YES;
				CLANG_ENABLE_OBJC_WEAK = YES;
				CLANG_WARN_BLOCK_CAPTURE_AUTORELEASING = YES;
				CLANG_WARN_BOOL_CONVERSION = YES;
				CLANG_WARN_COMMA = YES;
				CLANG_WARN_CONSTANT_CONVERSION = YES;
				CLANG_WARN_DEPRECATED_OBJC_IMPLEMENTATIONS = YES;
				CLANG_WARN_DIRECT_OBJC_ISA_USAGE = YES_ERROR;
				CLANG_WARN_DOCUMENTATION_COMMENTS = YES;
				CLANG_WARN_EMPTY_BODY = YES;
				CLANG_WARN_ENUM_CONVERSION = YES;
				CLANG_WARN_INFINITE_RECURSION = YES;
				CLANG_WARN_INT_CONVERSION = YES;
				CLANG_WARN_NON_LITERAL_NULL_CONVERSION = YES;
				CLANG_WARN_OBJC_IMPLICIT_RETAIN_SELF = YES;
				CLANG_WARN_OBJC_LITERAL_CONVERSION = YES;
				CLANG_WARN_OBJC_ROOT_CLASS = YES_ERROR;
				CLANG_WARN_QUOTED_INCLUDE_IN_FRAMEWORK_HEADER = YES;
				CLANG_WARN_RANGE_LOOP_ANALYSIS = YES;
				CLANG_WARN_STRICT_PROTOTYPES = YES;
				CLANG_WARN_SUSPICIOUS_MOVE = YES;
				CLANG_WARN_UNGUARDED_AVAILABILITY = YES_AGGRESSIVE;
				CLANG_WARN_UNREACHABLE_CODE = YES;
				CLANG_WARN__DUPLICATE_METHOD_MATCH = YES;
				COPY_PHASE_STRIP = NO;
				DEBUG_INFORMATION_FORMAT = dwarf;
				ENABLE_STRICT_OBJC_MSGSEND = YES;
				ENABLE_TESTABILITY = YES;
				GCC_C_LANGUAGE_STANDARD = gnu11;
				GCC_DYNAMIC_NO_PIC = NO;
				GCC_NO_COMMON_BLOCKS = YES;
				GCC_OPTIMIZATION_LEVEL = 0;
				GCC_PREPROCESSOR_DEFINITIONS = (
					"DEBUG=1",
					"$(inherited)",
				);
				GCC_WARN_64_TO_32_BIT_CONVERSION = YES;
				GCC_WARN_ABOUT_RETURN_TYPE = YES_ERROR;
				GCC_WARN_UNDECLARED_SELECTOR = YES;
				GCC_WARN_UNINITIALIZED_AUTOS = YES_AGGRESSIVE;
				GCC_WARN_UNUSED_FUNCTION = YES;
				GCC_WARN_UNUSED_VARIABLE = YES;
				IPHONEOS_DEPLOYMENT_TARGET = 15.0;
				MTL_ENABLE_DEBUG_INFO = INCLUDE_SOURCE;
				MTL_FAST_MATH = YES;
				ONLY_ACTIVE_ARCH = YES;
				SDKROOT = iphoneos;
				SWIFT_ACTIVE_COMPILATION_CONDITIONS = DEBUG;
				SWIFT_OPTIMIZATION_LEVEL = "-Onone";
			};
			name = Debug;
		};
		D3F04DBE272C2AC20047E9F4 /* Release */ = {
			isa = XCBuildConfiguration;
			buildSettings = {
				ALWAYS_SEARCH_USER_PATHS = NO;
				CLANG_ANALYZER_NONNULL = YES;
				CLANG_ANALYZER_NUMBER_OBJECT_CONVERSION = YES_AGGRESSIVE;
				CLANG_CXX_LANGUAGE_STANDARD = "gnu++17";
				CLANG_CXX_LIBRARY = "libc++";
				CLANG_ENABLE_MODULES = YES;
				CLANG_ENABLE_OBJC_ARC = YES;
				CLANG_ENABLE_OBJC_WEAK = YES;
				CLANG_WARN_BLOCK_CAPTURE_AUTORELEASING = YES;
				CLANG_WARN_BOOL_CONVERSION = YES;
				CLANG_WARN_COMMA = YES;
				CLANG_WARN_CONSTANT_CONVERSION = YES;
				CLANG_WARN_DEPRECATED_OBJC_IMPLEMENTATIONS = YES;
				CLANG_WARN_DIRECT_OBJC_ISA_USAGE = YES_ERROR;
				CLANG_WARN_DOCUMENTATION_COMMENTS = YES;
				CLANG_WARN_EMPTY_BODY = YES;
				CLANG_WARN_ENUM_CONVERSION = YES;
				CLANG_WARN_INFINITE_RECURSION = YES;
				CLANG_WARN_INT_CONVERSION = YES;
				CLANG_WARN_NON_LITERAL_NULL_CONVERSION = YES;
				CLANG_WARN_OBJC_IMPLICIT_RETAIN_SELF = YES;
				CLANG_WARN_OBJC_LITERAL_CONVERSION = YES;
				CLANG_WARN_OBJC_ROOT_CLASS = YES_ERROR;
				CLANG_WARN_QUOTED_INCLUDE_IN_FRAMEWORK_HEADER = YES;
				CLANG_WARN_RANGE_LOOP_ANALYSIS = YES;
				CLANG_WARN_STRICT_PROTOTYPES = YES;
				CLANG_WARN_SUSPICIOUS_MOVE = YES;
				CLANG_WARN_UNGUARDED_AVAILABILITY = YES_AGGRESSIVE;
				CLANG_WARN_UNREACHABLE_CODE = YES;
				CLANG_WARN__DUPLICATE_METHOD_MATCH = YES;
				COPY_PHASE_STRIP = NO;
				DEBUG_INFORMATION_FORMAT = "dwarf-with-dsym";
				ENABLE_NS_ASSERTIONS = NO;
				ENABLE_STRICT_OBJC_MSGSEND = YES;
				GCC_C_LANGUAGE_STANDARD = gnu11;
				GCC_NO_COMMON_BLOCKS = YES;
				GCC_WARN_64_TO_32_BIT_CONVERSION = YES;
				GCC_WARN_ABOUT_RETURN_TYPE = YES_ERROR;
				GCC_WARN_UNDECLARED_SELECTOR = YES;
				GCC_WARN_UNINITIALIZED_AUTOS = YES_AGGRESSIVE;
				GCC_WARN_UNUSED_FUNCTION = YES;
				GCC_WARN_UNUSED_VARIABLE = YES;
				IPHONEOS_DEPLOYMENT_TARGET = 15.0;
				MTL_ENABLE_DEBUG_INFO = NO;
				MTL_FAST_MATH = YES;
				SDKROOT = iphoneos;
				SWIFT_COMPILATION_MODE = wholemodule;
				SWIFT_OPTIMIZATION_LEVEL = "-O";
				VALIDATE_PRODUCT = YES;
			};
			name = Release;
		};
		D3F04DC0272C2AC20047E9F4 /* Debug */ = {
			isa = XCBuildConfiguration;
			buildSettings = {
				ASSETCATALOG_COMPILER_APPICON_NAME = AppIcon;
				ASSETCATALOG_COMPILER_GLOBAL_ACCENT_COLOR_NAME = AccentColor;
				CODE_SIGN_IDENTITY = "Apple Development";
				CODE_SIGN_STYLE = Automatic;
				CURRENT_PROJECT_VERSION = 1;
				DEVELOPMENT_TEAM = 89LXB7L7KB;
				FRAMEWORK_SEARCH_PATHS = "$(SRCROOT)/../Vendor/Carthage/Build/iOS/";
				GENERATE_INFOPLIST_FILE = YES;
				INFOPLIST_FILE = GelirGiderApp/Info.plist;
				INFOPLIST_KEY_CFBundleDisplayName = "Gelir Gider";
				INFOPLIST_KEY_LSApplicationCategoryType = "public.app-category.finance";
				INFOPLIST_KEY_UIApplicationSupportsIndirectInputEvents = YES;
				INFOPLIST_KEY_UILaunchStoryboardName = LaunchScreen;
				INFOPLIST_KEY_UISupportedInterfaceOrientations_iPad = "UIInterfaceOrientationPortrait UIInterfaceOrientationPortraitUpsideDown UIInterfaceOrientationLandscapeLeft UIInterfaceOrientationLandscapeRight";
				INFOPLIST_KEY_UISupportedInterfaceOrientations_iPhone = "UIInterfaceOrientationPortrait UIInterfaceOrientationLandscapeLeft UIInterfaceOrientationLandscapeRight";
				LD_RUNPATH_SEARCH_PATHS = (
					"$(inherited)",
					"@executable_path/Frameworks",
				);
				MARKETING_VERSION = 1.0;
				PRODUCT_BUNDLE_IDENTIFIER = com.GelirGider.GelirGiderApp;
				PRODUCT_NAME = "$(TARGET_NAME)";
				PROVISIONING_PROFILE_SPECIFIER = "";
				SWIFT_EMIT_LOC_STRINGS = YES;
				SWIFT_VERSION = 5.0;
				TARGETED_DEVICE_FAMILY = "1,2";
			};
			name = Debug;
		};
		D3F04DC1272C2AC20047E9F4 /* Release */ = {
			isa = XCBuildConfiguration;
			buildSettings = {
				ASSETCATALOG_COMPILER_APPICON_NAME = AppIcon;
				ASSETCATALOG_COMPILER_GLOBAL_ACCENT_COLOR_NAME = AccentColor;
				CODE_SIGN_IDENTITY = "Apple Development";
				CODE_SIGN_STYLE = Automatic;
				CURRENT_PROJECT_VERSION = 1;
				DEVELOPMENT_TEAM = 89LXB7L7KB;
				FRAMEWORK_SEARCH_PATHS = "$(SRCROOT)/../Vendor/Carthage/Build/iOS/";
				GENERATE_INFOPLIST_FILE = YES;
				INFOPLIST_FILE = GelirGiderApp/Info.plist;
				INFOPLIST_KEY_CFBundleDisplayName = "Gelir Gider";
				INFOPLIST_KEY_LSApplicationCategoryType = "public.app-category.finance";
				INFOPLIST_KEY_UIApplicationSupportsIndirectInputEvents = YES;
				INFOPLIST_KEY_UILaunchStoryboardName = LaunchScreen;
				INFOPLIST_KEY_UISupportedInterfaceOrientations_iPad = "UIInterfaceOrientationPortrait UIInterfaceOrientationPortraitUpsideDown UIInterfaceOrientationLandscapeLeft UIInterfaceOrientationLandscapeRight";
				INFOPLIST_KEY_UISupportedInterfaceOrientations_iPhone = "UIInterfaceOrientationPortrait UIInterfaceOrientationLandscapeLeft UIInterfaceOrientationLandscapeRight";
				LD_RUNPATH_SEARCH_PATHS = (
					"$(inherited)",
					"@executable_path/Frameworks",
				);
				MARKETING_VERSION = 1.0;
				PRODUCT_BUNDLE_IDENTIFIER = com.GelirGider.GelirGiderApp;
				PRODUCT_NAME = "$(TARGET_NAME)";
				PROVISIONING_PROFILE_SPECIFIER = "";
				SWIFT_EMIT_LOC_STRINGS = YES;
				SWIFT_VERSION = 5.0;
				TARGETED_DEVICE_FAMILY = "1,2";
			};
			name = Release;
		};
		D3F04DC3272C2AC20047E9F4 /* Debug */ = {
			isa = XCBuildConfiguration;
			buildSettings = {
				ALWAYS_EMBED_SWIFT_STANDARD_LIBRARIES = YES;
				BUNDLE_LOADER = "$(TEST_HOST)";
				"CODE_SIGN_IDENTITY[sdk=macosx*]" = "Apple Development";
				CODE_SIGN_STYLE = Manual;
				CURRENT_PROJECT_VERSION = 1;
				DEVELOPMENT_TEAM = "";
				GENERATE_INFOPLIST_FILE = YES;
				IPHONEOS_DEPLOYMENT_TARGET = 15.0;
				LD_RUNPATH_SEARCH_PATHS = (
					"$(inherited)",
					"@executable_path/Frameworks",
					"@loader_path/Frameworks",
				);
				MARKETING_VERSION = 1.0;
				PRODUCT_BUNDLE_IDENTIFIER = com.ibrahim.GelirGiderAppTests;
				PRODUCT_NAME = "$(TARGET_NAME)";
				PROVISIONING_PROFILE_SPECIFIER = "";
				"PROVISIONING_PROFILE_SPECIFIER[sdk=macosx*]" = "";
				SWIFT_EMIT_LOC_STRINGS = NO;
				SWIFT_VERSION = 5.0;
				TARGETED_DEVICE_FAMILY = "1,2";
				TEST_HOST = "$(BUILT_PRODUCTS_DIR)/GelirGiderApp.app/GelirGiderApp";
			};
			name = Debug;
		};
		D3F04DC4272C2AC20047E9F4 /* Release */ = {
			isa = XCBuildConfiguration;
			buildSettings = {
				ALWAYS_EMBED_SWIFT_STANDARD_LIBRARIES = YES;
				BUNDLE_LOADER = "$(TEST_HOST)";
				"CODE_SIGN_IDENTITY[sdk=macosx*]" = "Apple Development";
				CODE_SIGN_STYLE = Manual;
				CURRENT_PROJECT_VERSION = 1;
				DEVELOPMENT_TEAM = "";
				GENERATE_INFOPLIST_FILE = YES;
				IPHONEOS_DEPLOYMENT_TARGET = 15.0;
				LD_RUNPATH_SEARCH_PATHS = (
					"$(inherited)",
					"@executable_path/Frameworks",
					"@loader_path/Frameworks",
				);
				MARKETING_VERSION = 1.0;
				PRODUCT_BUNDLE_IDENTIFIER = com.ibrahim.GelirGiderAppTests;
				PRODUCT_NAME = "$(TARGET_NAME)";
				PROVISIONING_PROFILE_SPECIFIER = "";
				"PROVISIONING_PROFILE_SPECIFIER[sdk=macosx*]" = "";
				SWIFT_EMIT_LOC_STRINGS = NO;
				SWIFT_VERSION = 5.0;
				TARGETED_DEVICE_FAMILY = "1,2";
				TEST_HOST = "$(BUILT_PRODUCTS_DIR)/GelirGiderApp.app/GelirGiderApp";
			};
			name = Release;
		};
		D3F04DC6272C2AC20047E9F4 /* Debug */ = {
			isa = XCBuildConfiguration;
			buildSettings = {
				ALWAYS_EMBED_SWIFT_STANDARD_LIBRARIES = YES;
				CODE_SIGN_STYLE = Manual;
				CURRENT_PROJECT_VERSION = 1;
				DEVELOPMENT_TEAM = "";
				GENERATE_INFOPLIST_FILE = YES;
				LD_RUNPATH_SEARCH_PATHS = (
					"$(inherited)",
					"@executable_path/Frameworks",
					"@loader_path/Frameworks",
				);
				MARKETING_VERSION = 1.0;
				PRODUCT_BUNDLE_IDENTIFIER = com.ibrahim.GelirGiderAppUITests;
				PRODUCT_NAME = "$(TARGET_NAME)";
				PROVISIONING_PROFILE_SPECIFIER = "";
				"PROVISIONING_PROFILE_SPECIFIER[sdk=macosx*]" = "";
				SWIFT_EMIT_LOC_STRINGS = NO;
				SWIFT_VERSION = 5.0;
				TARGETED_DEVICE_FAMILY = "1,2";
				TEST_TARGET_NAME = GelirGiderApp;
			};
			name = Debug;
		};
		D3F04DC7272C2AC20047E9F4 /* Release */ = {
			isa = XCBuildConfiguration;
			buildSettings = {
				ALWAYS_EMBED_SWIFT_STANDARD_LIBRARIES = YES;
				CODE_SIGN_STYLE = Manual;
				CURRENT_PROJECT_VERSION = 1;
				DEVELOPMENT_TEAM = "";
				GENERATE_INFOPLIST_FILE = YES;
				LD_RUNPATH_SEARCH_PATHS = (
					"$(inherited)",
					"@executable_path/Frameworks",
					"@loader_path/Frameworks",
				);
				MARKETING_VERSION = 1.0;
				PRODUCT_BUNDLE_IDENTIFIER = com.ibrahim.GelirGiderAppUITests;
				PRODUCT_NAME = "$(TARGET_NAME)";
				PROVISIONING_PROFILE_SPECIFIER = "";
				"PROVISIONING_PROFILE_SPECIFIER[sdk=macosx*]" = "";
				SWIFT_EMIT_LOC_STRINGS = NO;
				SWIFT_VERSION = 5.0;
				TARGETED_DEVICE_FAMILY = "1,2";
				TEST_TARGET_NAME = GelirGiderApp;
			};
			name = Release;
		};
/* End XCBuildConfiguration section */

/* Begin XCConfigurationList section */
		D3F04D90272C2AC10047E9F4 /* Build configuration list for PBXProject "GelirGiderApp" */ = {
			isa = XCConfigurationList;
			buildConfigurations = (
				D3F04DBD272C2AC20047E9F4 /* Debug */,
				D3F04DBE272C2AC20047E9F4 /* Release */,
			);
			defaultConfigurationIsVisible = 0;
			defaultConfigurationName = Release;
		};
		D3F04DBF272C2AC20047E9F4 /* Build configuration list for PBXNativeTarget "GelirGiderApp" */ = {
			isa = XCConfigurationList;
			buildConfigurations = (
				D3F04DC0272C2AC20047E9F4 /* Debug */,
				D3F04DC1272C2AC20047E9F4 /* Release */,
			);
			defaultConfigurationIsVisible = 0;
			defaultConfigurationName = Release;
		};
		D3F04DC2272C2AC20047E9F4 /* Build configuration list for PBXNativeTarget "GelirGiderAppTests" */ = {
			isa = XCConfigurationList;
			buildConfigurations = (
				D3F04DC3272C2AC20047E9F4 /* Debug */,
				D3F04DC4272C2AC20047E9F4 /* Release */,
			);
			defaultConfigurationIsVisible = 0;
			defaultConfigurationName = Release;
		};
		D3F04DC5272C2AC20047E9F4 /* Build configuration list for PBXNativeTarget "GelirGiderAppUITests" */ = {
			isa = XCConfigurationList;
			buildConfigurations = (
				D3F04DC6272C2AC20047E9F4 /* Debug */,
				D3F04DC7272C2AC20047E9F4 /* Release */,
			);
			defaultConfigurationIsVisible = 0;
			defaultConfigurationName = Release;
		};
/* End XCConfigurationList section */
	};
	rootObject = D3F04D8D272C2AC10047E9F4 /* Project object */;
}
